
Microsoft Visual Studio Solution File, Format Version 12.00
# Visual Studio 15
VisualStudioVersion = 15.0.27130.2027
MinimumVisualStudioVersion = 10.0.40219.1
Project("{FAE04EC0-301F-11D3-BF4B-00C04F79EFBC}") = "TestTCPClient", "TestTCPClient\TestTCPClient.csproj", "{AAF8CC26-0659-4097-8781-971C1E836FA7}"
EndProject
Global
	GlobalSection(SolutionConfigurationPlatforms) = preSolution
		Debug|Any CPU = Debug|Any CPU
		Release|Any CPU = Release|Any CPU
	EndGlobalSection
	GlobalSection(ProjectConfigurationPlatforms) = postSolution
		{AAF8CC26-0659-4097-8781-971C1E836FA7}.Debug|Any CPU.ActiveCfg = Debug|Any CPU
		{AAF8CC26-0659-4097-8781-971C1E836FA7}.Debug|Any CPU.Build.0 = Debug|Any CPU
		{AAF8CC26-0659-4097-8781-971C1E836FA7}.Release|Any CPU.ActiveCfg = Release|Any CPU
		{AAF8CC26-0659-4097-8781-971C1E836FA7}.Release|Any CPU.Build.0 = Release|Any CPU
	EndGlobalSection
	GlobalSection(SolutionProperties) = preSolution
		HideSolutionNode = FALSE
	EndGlobalSection
	GlobalSection(ExtensibilityGlobals) = postSolution
		SolutionGuid = {531C904C-B724-4B9A-AA4A-58C72AC74EA1}
	EndGlobalSection
EndGlobal
